
Microsoft Visual Studio Solution File, Format Version 12.00
# Visual Studio 15
VisualStudioVersion = 15.0.26124.0
MinimumVisualStudioVersion = 15.0.26124.0
Project("{FAE04EC0-301F-11D3-BF4B-00C04F79EFBC}") = "API", "API\API.csproj", "{F89C3A6A-66E3-472F-A818-2907846D1DD6}"
EndProject
Project("{FAE04EC0-301F-11D3-BF4B-00C04F79EFBC}") = "Core", "Core\Core.csproj", "{5688BBF6-0371-4D99-B182-8279DE5E1A8C}"
EndProject
Project("{FAE04EC0-301F-11D3-BF4B-00C04F79EFBC}") = "Infrastructure", "Infrastructure\Infrastructure.csproj", "{53C706CB-5F13-4E58-88C2-669381FBA638}"
EndProject
Global
	GlobalSection(SolutionConfigurationPlatforms) = preSolution
		Debug|Any CPU = Debug|Any CPU
		Debug|x64 = Debug|x64
		Debug|x86 = Debug|x86
		Release|Any CPU = Release|Any CPU
		Release|x64 = Release|x64
		Release|x86 = Release|x86
	EndGlobalSection
	GlobalSection(SolutionProperties) = preSolution
		HideSolutionNode = FALSE
	EndGlobalSection
	GlobalSection(ProjectConfigurationPlatforms) = postSolution
		{F89C3A6A-66E3-472F-A818-2907846D1DD6}.Debug|Any CPU.ActiveCfg = Debug|Any CPU
		{F89C3A6A-66E3-472F-A818-2907846D1DD6}.Debug|Any CPU.Build.0 = Debug|Any CPU
		{F89C3A6A-66E3-472F-A818-2907846D1DD6}.Debug|x64.ActiveCfg = Debug|Any CPU
		{F89C3A6A-66E3-472F-A818-2907846D1DD6}.Debug|x64.Build.0 = Debug|Any CPU
		{F89C3A6A-66E3-472F-A818-2907846D1DD6}.Debug|x86.ActiveCfg = Debug|Any CPU
		{F89C3A6A-66E3-472F-A818-2907846D1DD6}.Debug|x86.Build.0 = Debug|Any CPU
		{F89C3A6A-66E3-472F-A818-2907846D1DD6}.Release|Any CPU.ActiveCfg = Release|Any CPU
		{F89C3A6A-66E3-472F-A818-2907846D1DD6}.Release|Any CPU.Build.0 = Release|Any CPU
		{F89C3A6A-66E3-472F-A818-2907846D1DD6}.Release|x64.ActiveCfg = Release|Any CPU
		{F89C3A6A-66E3-472F-A818-2907846D1DD6}.Release|x64.Build.0 = Release|Any CPU
		{F89C3A6A-66E3-472F-A818-2907846D1DD6}.Release|x86.ActiveCfg = Release|Any CPU
		{F89C3A6A-66E3-472F-A818-2907846D1DD6}.Release|x86.Build.0 = Release|Any CPU
		{5688BBF6-0371-4D99-B182-8279DE5E1A8C}.Debug|Any CPU.ActiveCfg = Debug|Any CPU
		{5688BBF6-0371-4D99-B182-8279DE5E1A8C}.Debug|Any CPU.Build.0 = Debug|Any CPU
		{5688BBF6-0371-4D99-B182-8279DE5E1A8C}.Debug|x64.ActiveCfg = Debug|Any CPU
		{5688BBF6-0371-4D99-B182-8279DE5E1A8C}.Debug|x64.Build.0 = Debug|Any CPU
		{5688BBF6-0371-4D99-B182-8279DE5E1A8C}.Debug|x86.ActiveCfg = Debug|Any CPU
		{5688BBF6-0371-4D99-B182-8279DE5E1A8C}.Debug|x86.Build.0 = Debug|Any CPU
		{5688BBF6-0371-4D99-B182-8279DE5E1A8C}.Release|Any CPU.ActiveCfg = Release|Any CPU
		{5688BBF6-0371-4D99-B182-8279DE5E1A8C}.Release|Any CPU.Build.0 = Release|Any CPU
		{5688BBF6-0371-4D99-B182-8279DE5E1A8C}.Release|x64.ActiveCfg = Release|Any CPU
		{5688BBF6-0371-4D99-B182-8279DE5E1A8C}.Release|x64.Build.0 = Release|Any CPU
		{5688BBF6-0371-4D99-B182-8279DE5E1A8C}.Release|x86.ActiveCfg = Release|Any CPU
		{5688BBF6-0371-4D99-B182-8279DE5E1A8C}.Release|x86.Build.0 = Release|Any CPU
		{53C706CB-5F13-4E58-88C2-669381FBA638}.Debug|Any CPU.ActiveCfg = Debug|Any CPU
		{53C706CB-5F13-4E58-88C2-669381FBA638}.Debug|Any CPU.Build.0 = Debug|Any CPU
		{53C706CB-5F13-4E58-88C2-669381FBA638}.Debug|x64.ActiveCfg = Debug|Any CPU
		{53C706CB-5F13-4E58-88C2-669381FBA638}.Debug|x64.Build.0 = Debug|Any CPU
		{53C706CB-5F13-4E58-88C2-669381FBA638}.Debug|x86.ActiveCfg = Debug|Any CPU
		{53C706CB-5F13-4E58-88C2-669381FBA638}.Debug|x86.Build.0 = Debug|Any CPU
		{53C706CB-5F13-4E58-88C2-669381FBA638}.Release|Any CPU.ActiveCfg = Release|Any CPU
		{53C706CB-5F13-4E58-88C2-669381FBA638}.Release|Any CPU.Build.0 = Release|Any CPU
		{53C706CB-5F13-4E58-88C2-669381FBA638}.Release|x64.ActiveCfg = Release|Any CPU
		{53C706CB-5F13-4E58-88C2-669381FBA638}.Release|x64.Build.0 = Release|Any CPU
		{53C706CB-5F13-4E58-88C2-669381FBA638}.Release|x86.ActiveCfg = Release|Any CPU
		{53C706CB-5F13-4E58-88C2-669381FBA638}.Release|x86.Build.0 = Release|Any CPU
	EndGlobalSection
EndGlobal
